
Microsoft Visual Studio Solution File, Format Version 12.00
# Visual Studio Version 16
VisualStudioVersion = 16.0.29806.167
MinimumVisualStudioVersion = 10.0.40219.1
Project("{FAE04EC0-301F-11D3-BF4B-00C04F79EFBC}") = "dotnetBoilerplate", "dotnetBoilerplate.csproj", "{65CBB40A-68D4-4568-9F55-DA11C84EBD75}"
EndProject
Global
	GlobalSection(SolutionConfigurationPlatforms) = preSolution
		Debug|Any CPU = Debug|Any CPU
		Release|Any CPU = Release|Any CPU
	EndGlobalSection
	GlobalSection(ProjectConfigurationPlatforms) = postSolution
		{65CBB40A-68D4-4568-9F55-DA11C84EBD75}.Debug|Any CPU.ActiveCfg = Debug|Any CPU
		{65CBB40A-68D4-4568-9F55-DA11C84EBD75}.Debug|Any CPU.Build.0 = Debug|Any CPU
		{65CBB40A-68D4-4568-9F55-DA11C84EBD75}.Release|Any CPU.ActiveCfg = Release|Any CPU
		{65CBB40A-68D4-4568-9F55-DA11C84EBD75}.Release|Any CPU.Build.0 = Release|Any CPU
	EndGlobalSection
	GlobalSection(SolutionProperties) = preSolution
		HideSolutionNode = FALSE
	EndGlobalSection
	GlobalSection(ExtensibilityGlobals) = postSolution
		SolutionGuid = {64844912-7C89-414E-A02A-D654E8B967D4}
	EndGlobalSection
EndGlobal
